
Microsoft Visual Studio Solution File, Format Version 12.00
# Visual Studio 15
Project("{FAE04EC0-301F-11D3-BF4B-00C04F79EFBC}") = "UnityEngine.UI", "UnityEngine.UI.csproj", "{05B87C43-A592-139E-FD1C-E863A2CD24D2}"
EndProject
Project("{FAE04EC0-301F-11D3-BF4B-00C04F79EFBC}") = "Assembly-CSharp", "Assembly-CSharp.csproj", "{2C0051B2-CD0D-F3BE-349B-7D9CFFC2E63C}"
EndProject
Project("{FAE04EC0-301F-11D3-BF4B-00C04F79EFBC}") = "Unity.2D.Tilemap.Extras", "Unity.2D.Tilemap.Extras.csproj", "{304C87B7-E829-986D-F047-86E8EF7F17D4}"
EndProject
Project("{FAE04EC0-301F-11D3-BF4B-00C04F79EFBC}") = "Unity.2D.Sprite.Editor", "Unity.2D.Sprite.Editor.csproj", "{94EBED72-1B07-DC37-767A-133314D54D54}"
EndProject
Project("{FAE04EC0-301F-11D3-BF4B-00C04F79EFBC}") = "UnityEditor.UI", "UnityEditor.UI.csproj", "{467D3C0D-2926-6E02-D9E4-B549A6B9150F}"
EndProject
Project("{FAE04EC0-301F-11D3-BF4B-00C04F79EFBC}") = "Unity.2D.Tilemap.Extras.Editor", "Unity.2D.Tilemap.Extras.Editor.csproj", "{EB768FE9-D930-482C-8708-6FC6F4D26866}"
EndProject
Project("{FAE04EC0-301F-11D3-BF4B-00C04F79EFBC}") = "Unity.2D.Tilemap.Editor", "Unity.2D.Tilemap.Editor.csproj", "{A9588BB2-D4DF-12F8-E6FD-03B1FA33CCF1}"
EndProject
Project("{FAE04EC0-301F-11D3-BF4B-00C04F79EFBC}") = "Unity.2D.Tilemap.Extras.Placeholder.EditorTests", "Unity.2D.Tilemap.Extras.Placeholder.EditorTests.csproj", "{AD076A79-1B71-2CC1-3D42-616703D8AE39}"
EndProject
Global
	GlobalSection(SolutionConfigurationPlatforms) = preSolution
		Debug|Any CPU = Debug|Any CPU
		Release|Any CPU = Release|Any CPU
	EndGlobalSection
	GlobalSection(ProjectConfigurationPlatforms) = postSolution
		{05B87C43-A592-139E-FD1C-E863A2CD24D2}.Debug|Any CPU.ActiveCfg = Debug|Any CPU
		{05B87C43-A592-139E-FD1C-E863A2CD24D2}.Debug|Any CPU.Build.0 = Debug|Any CPU
		{05B87C43-A592-139E-FD1C-E863A2CD24D2}.Release|Any CPU.ActiveCfg = Release|Any CPU
		{05B87C43-A592-139E-FD1C-E863A2CD24D2}.Release|Any CPU.Build.0 = Release|Any CPU
		{2C0051B2-CD0D-F3BE-349B-7D9CFFC2E63C}.Debug|Any CPU.ActiveCfg = Debug|Any CPU
		{2C0051B2-CD0D-F3BE-349B-7D9CFFC2E63C}.Debug|Any CPU.Build.0 = Debug|Any CPU
		{2C0051B2-CD0D-F3BE-349B-7D9CFFC2E63C}.Release|Any CPU.ActiveCfg = Release|Any CPU
		{2C0051B2-CD0D-F3BE-349B-7D9CFFC2E63C}.Release|Any CPU.Build.0 = Release|Any CPU
		{304C87B7-E829-986D-F047-86E8EF7F17D4}.Debug|Any CPU.ActiveCfg = Debug|Any CPU
		{304C87B7-E829-986D-F047-86E8EF7F17D4}.Debug|Any CPU.Build.0 = Debug|Any CPU
		{304C87B7-E829-986D-F047-86E8EF7F17D4}.Release|Any CPU.ActiveCfg = Release|Any CPU
		{304C87B7-E829-986D-F047-86E8EF7F17D4}.Release|Any CPU.Build.0 = Release|Any CPU
		{94EBED72-1B07-DC37-767A-133314D54D54}.Debug|Any CPU.ActiveCfg = Debug|Any CPU
		{94EBED72-1B07-DC37-767A-133314D54D54}.Debug|Any CPU.Build.0 = Debug|Any CPU
		{94EBED72-1B07-DC37-767A-133314D54D54}.Release|Any CPU.ActiveCfg = Release|Any CPU
		{94EBED72-1B07-DC37-767A-133314D54D54}.Release|Any CPU.Build.0 = Release|Any CPU
		{467D3C0D-2926-6E02-D9E4-B549A6B9150F}.Debug|Any CPU.ActiveCfg = Debug|Any CPU
		{467D3C0D-2926-6E02-D9E4-B549A6B9150F}.Debug|Any CPU.Build.0 = Debug|Any CPU
		{467D3C0D-2926-6E02-D9E4-B549A6B9150F}.Release|Any CPU.ActiveCfg = Release|Any CPU
		{467D3C0D-2926-6E02-D9E4-B549A6B9150F}.Release|Any CPU.Build.0 = Release|Any CPU
		{EB768FE9-D930-482C-8708-6FC6F4D26866}.Debug|Any CPU.ActiveCfg = Debug|Any CPU
		{EB768FE9-D930-482C-8708-6FC6F4D26866}.Debug|Any CPU.Build.0 = Debug|Any CPU
		{EB768FE9-D930-482C-8708-6FC6F4D26866}.Release|Any CPU.ActiveCfg = Release|Any CPU
		{EB768FE9-D930-482C-8708-6FC6F4D26866}.Release|Any CPU.Build.0 = Release|Any CPU
		{A9588BB2-D4DF-12F8-E6FD-03B1FA33CCF1}.Debug|Any CPU.ActiveCfg = Debug|Any CPU
		{A9588BB2-D4DF-12F8-E6FD-03B1FA33CCF1}.Debug|Any CPU.Build.0 = Debug|Any CPU
		{A9588BB2-D4DF-12F8-E6FD-03B1FA33CCF1}.Release|Any CPU.ActiveCfg = Release|Any CPU
		{A9588BB2-D4DF-12F8-E6FD-03B1FA33CCF1}.Release|Any CPU.Build.0 = Release|Any CPU
		{AD076A79-1B71-2CC1-3D42-616703D8AE39}.Debug|Any CPU.ActiveCfg = Debug|Any CPU
		{AD076A79-1B71-2CC1-3D42-616703D8AE39}.Debug|Any CPU.Build.0 = Debug|Any CPU
		{AD076A79-1B71-2CC1-3D42-616703D8AE39}.Release|Any CPU.ActiveCfg = Release|Any CPU
		{AD076A79-1B71-2CC1-3D42-616703D8AE39}.Release|Any CPU.Build.0 = Release|Any CPU
	EndGlobalSection
	GlobalSection(SolutionProperties) = preSolution
		HideSolutionNode = FALSE
	EndGlobalSection
EndGlobal
